
Microsoft Visual Studio Solution File, Format Version 12.00
# Visual Studio Version 17
VisualStudioVersion = 17.1.32421.90
MinimumVisualStudioVersion = 10.0.40219.1
Project("{888888A0-9F3D-457C-B088-3A5042F75D52}") = "PythonMarcPost2022", "PythonMarcPost2022\PythonMarcPost2022.pyproj", "{274C696C-5172-4C23-8D1F-4BB7AF7B7AB8}"
EndProject
Global
	GlobalSection(SolutionConfigurationPlatforms) = preSolution
		Debug|Any CPU = Debug|Any CPU
		Release|Any CPU = Release|Any CPU
	EndGlobalSection
	GlobalSection(ProjectConfigurationPlatforms) = postSolution
		{274C696C-5172-4C23-8D1F-4BB7AF7B7AB8}.Debug|Any CPU.ActiveCfg = Debug|Any CPU
		{274C696C-5172-4C23-8D1F-4BB7AF7B7AB8}.Release|Any CPU.ActiveCfg = Release|Any CPU
	EndGlobalSection
	GlobalSection(SolutionProperties) = preSolution
		HideSolutionNode = FALSE
	EndGlobalSection
	GlobalSection(ExtensibilityGlobals) = postSolution
		SolutionGuid = {E18215DD-DE16-4BAB-9397-74DADC23C4E2}
	EndGlobalSection
EndGlobal
